
Microsoft Visual Studio Solution File, Format Version 12.00
# Visual Studio Version 17
VisualStudioVersion = 17.8.34330.188
MinimumVisualStudioVersion = 10.0.40219.1
Project("{9A19103F-16F7-4668-BE54-9A1E7A4F7556}") = "MyGame", "ConsoleApp1\MyGame.csproj", "{35DBA5F6-68E9-40C1-90CF-62547528A686}"
EndProject
Project("{9A19103F-16F7-4668-BE54-9A1E7A4F7556}") = "VoxelEngine", "VoxelEngine\VoxelEngine.csproj", "{2F80ADFC-71D3-4FEC-8A62-523C2BE9BBBD}"
EndProject
Global
	GlobalSection(SolutionConfigurationPlatforms) = preSolution
		Debug|Any CPU = Debug|Any CPU
		Release|Any CPU = Release|Any CPU
	EndGlobalSection
	GlobalSection(ProjectConfigurationPlatforms) = postSolution
		{35DBA5F6-68E9-40C1-90CF-62547528A686}.Debug|Any CPU.ActiveCfg = Debug|Any CPU
		{35DBA5F6-68E9-40C1-90CF-62547528A686}.Debug|Any CPU.Build.0 = Debug|Any CPU
		{35DBA5F6-68E9-40C1-90CF-62547528A686}.Release|Any CPU.ActiveCfg = Release|Any CPU
		{35DBA5F6-68E9-40C1-90CF-62547528A686}.Release|Any CPU.Build.0 = Release|Any CPU
		{2F80ADFC-71D3-4FEC-8A62-523C2BE9BBBD}.Debug|Any CPU.ActiveCfg = Debug|Any CPU
		{2F80ADFC-71D3-4FEC-8A62-523C2BE9BBBD}.Debug|Any CPU.Build.0 = Debug|Any CPU
		{2F80ADFC-71D3-4FEC-8A62-523C2BE9BBBD}.Release|Any CPU.ActiveCfg = Release|Any CPU
		{2F80ADFC-71D3-4FEC-8A62-523C2BE9BBBD}.Release|Any CPU.Build.0 = Release|Any CPU
	EndGlobalSection
	GlobalSection(SolutionProperties) = preSolution
		HideSolutionNode = FALSE
	EndGlobalSection
	GlobalSection(ExtensibilityGlobals) = postSolution
		SolutionGuid = {14EB3C6B-9587-47CB-8250-6F0AB1412429}
	EndGlobalSection
EndGlobal
